
Microsoft Visual Studio Solution File, Format Version 12.00
# Visual Studio Version 16
VisualStudioVersion = 16.0.30413.136
MinimumVisualStudioVersion = 10.0.40219.1
Project("{FAE04EC0-301F-11D3-BF4B-00C04F79EFBC}") = "TodoList", "TodoList.csproj", "{CE40D5C5-EF04-408E-B657-3C772418D79B}"
EndProject
Global
	GlobalSection(SolutionConfigurationPlatforms) = preSolution
		Debug|Any CPU = Debug|Any CPU
		Release|Any CPU = Release|Any CPU
	EndGlobalSection
	GlobalSection(ProjectConfigurationPlatforms) = postSolution
		{CE40D5C5-EF04-408E-B657-3C772418D79B}.Debug|Any CPU.ActiveCfg = Debug|Any CPU
		{CE40D5C5-EF04-408E-B657-3C772418D79B}.Debug|Any CPU.Build.0 = Debug|Any CPU
		{CE40D5C5-EF04-408E-B657-3C772418D79B}.Release|Any CPU.ActiveCfg = Release|Any CPU
		{CE40D5C5-EF04-408E-B657-3C772418D79B}.Release|Any CPU.Build.0 = Release|Any CPU
	EndGlobalSection
	GlobalSection(SolutionProperties) = preSolution
		HideSolutionNode = FALSE
	EndGlobalSection
	GlobalSection(ExtensibilityGlobals) = postSolution
		SolutionGuid = {2621D76A-007C-4DE3-9E0F-350EE22DBFB6}
	EndGlobalSection
EndGlobal
